
Microsoft Visual Studio Solution File, Format Version 12.00
# Visual Studio Version 17
VisualStudioVersion = 17.14.36221.1
MinimumVisualStudioVersion = 10.0.40219.1
Project("{FAE04EC0-301F-11D3-BF4B-00C04F79EFBC}") = "OrderTaskHandler", "OrderTaskHandler\OrderTaskHandler.csproj", "{36B58952-6FE4-D2E2-1716-9964661C778B}"
EndProject
Project("{FAE04EC0-301F-11D3-BF4B-00C04F79EFBC}") = "OrderTaskHandler.Tests", "OrderTaskHandler.Tests\OrderTaskHandler.Tests.csproj", "{C7BC3D71-1392-419C-B0C8-CEB83630FAED}"
EndProject
Global
	GlobalSection(SolutionConfigurationPlatforms) = preSolution
		Debug|Any CPU = Debug|Any CPU
		Debug|x64 = Debug|x64
		Debug|x86 = Debug|x86
		Release|Any CPU = Release|Any CPU
		Release|x64 = Release|x64
		Release|x86 = Release|x86
	EndGlobalSection
	GlobalSection(ProjectConfigurationPlatforms) = postSolution
		{36B58952-6FE4-D2E2-1716-9964661C778B}.Debug|Any CPU.ActiveCfg = Debug|Any CPU
		{36B58952-6FE4-D2E2-1716-9964661C778B}.Debug|Any CPU.Build.0 = Debug|Any CPU
		{36B58952-6FE4-D2E2-1716-9964661C778B}.Debug|x64.ActiveCfg = Debug|Any CPU
		{36B58952-6FE4-D2E2-1716-9964661C778B}.Debug|x64.Build.0 = Debug|Any CPU
		{36B58952-6FE4-D2E2-1716-9964661C778B}.Debug|x86.ActiveCfg = Debug|Any CPU
		{36B58952-6FE4-D2E2-1716-9964661C778B}.Debug|x86.Build.0 = Debug|Any CPU
		{36B58952-6FE4-D2E2-1716-9964661C778B}.Release|Any CPU.ActiveCfg = Release|Any CPU
		{36B58952-6FE4-D2E2-1716-9964661C778B}.Release|Any CPU.Build.0 = Release|Any CPU
		{36B58952-6FE4-D2E2-1716-9964661C778B}.Release|x64.ActiveCfg = Release|Any CPU
		{36B58952-6FE4-D2E2-1716-9964661C778B}.Release|x64.Build.0 = Release|Any CPU
		{36B58952-6FE4-D2E2-1716-9964661C778B}.Release|x86.ActiveCfg = Release|Any CPU
		{36B58952-6FE4-D2E2-1716-9964661C778B}.Release|x86.Build.0 = Release|Any CPU
		{C7BC3D71-1392-419C-B0C8-CEB83630FAED}.Debug|Any CPU.ActiveCfg = Debug|Any CPU
		{C7BC3D71-1392-419C-B0C8-CEB83630FAED}.Debug|Any CPU.Build.0 = Debug|Any CPU
		{C7BC3D71-1392-419C-B0C8-CEB83630FAED}.Debug|x64.ActiveCfg = Debug|Any CPU
		{C7BC3D71-1392-419C-B0C8-CEB83630FAED}.Debug|x64.Build.0 = Debug|Any CPU
		{C7BC3D71-1392-419C-B0C8-CEB83630FAED}.Debug|x86.ActiveCfg = Debug|Any CPU
		{C7BC3D71-1392-419C-B0C8-CEB83630FAED}.Debug|x86.Build.0 = Debug|Any CPU
		{C7BC3D71-1392-419C-B0C8-CEB83630FAED}.Release|Any CPU.ActiveCfg = Release|Any CPU
		{C7BC3D71-1392-419C-B0C8-CEB83630FAED}.Release|Any CPU.Build.0 = Release|Any CPU
		{C7BC3D71-1392-419C-B0C8-CEB83630FAED}.Release|x64.ActiveCfg = Release|Any CPU
		{C7BC3D71-1392-419C-B0C8-CEB83630FAED}.Release|x64.Build.0 = Release|Any CPU
		{C7BC3D71-1392-419C-B0C8-CEB83630FAED}.Release|x86.ActiveCfg = Release|Any CPU
		{C7BC3D71-1392-419C-B0C8-CEB83630FAED}.Release|x86.Build.0 = Release|Any CPU
	EndGlobalSection
	GlobalSection(SolutionProperties) = preSolution
		HideSolutionNode = FALSE
	EndGlobalSection
	GlobalSection(ExtensibilityGlobals) = postSolution
		SolutionGuid = {DB4D3261-30F5-4DDE-A0F3-B02B5C300DDC}
	EndGlobalSection
EndGlobal
